
Microsoft Visual Studio Solution File, Format Version 12.00
Project("{FAE04EC0-301F-11D3-BF4B-00C04F79EFBC}") = "Postgres.Api", "src\Postgres.Api\Postgres.Api.csproj", "{517C7445-5043-47BC-8955-4246D160D2B7}"
EndProject
Project("{2150E333-8FDC-42A3-9474-1A3956D46DE8}") = "Solution Items", "Solution Items", "{1FDBF036-E980-43CF-8C53-A8F766A6B603}"
	ProjectSection(SolutionItems) = preProject
		docker-compose.yml = docker-compose.yml
		readme.md = readme.md
	EndProjectSection
EndProject
Project("{FAE04EC0-301F-11D3-BF4B-00C04F79EFBC}") = "Postgres.Infrastructure.Implementation.Database", "src\Postgres.Infrastructure.Implementation.Database\Postgres.Infrastructure.Implementation.Database.csproj", "{3FB24674-3120-4BC0-AF46-D2669F204638}"
EndProject
Project("{FAE04EC0-301F-11D3-BF4B-00C04F79EFBC}") = "Postgres.Infrastructure.Interfaces.Database", "src\Postgres.Infrastructure.Interfaces.Database\Postgres.Infrastructure.Interfaces.Database.csproj", "{CA0E6D35-31AC-4399-98AC-204BEAF0B2BC}"
EndProject
Project("{FAE04EC0-301F-11D3-BF4B-00C04F79EFBC}") = "Postgres.Domain", "src\Postgres.Domain\Postgres.Domain.csproj", "{20011DE7-BE82-4C4D-88BC-B8F393C15E8B}"
EndProject
Global
	GlobalSection(SolutionConfigurationPlatforms) = preSolution
		Debug|Any CPU = Debug|Any CPU
		Release|Any CPU = Release|Any CPU
	EndGlobalSection
	GlobalSection(ProjectConfigurationPlatforms) = postSolution
		{517C7445-5043-47BC-8955-4246D160D2B7}.Debug|Any CPU.ActiveCfg = Debug|Any CPU
		{517C7445-5043-47BC-8955-4246D160D2B7}.Debug|Any CPU.Build.0 = Debug|Any CPU
		{517C7445-5043-47BC-8955-4246D160D2B7}.Release|Any CPU.ActiveCfg = Release|Any CPU
		{517C7445-5043-47BC-8955-4246D160D2B7}.Release|Any CPU.Build.0 = Release|Any CPU
		{3FB24674-3120-4BC0-AF46-D2669F204638}.Debug|Any CPU.ActiveCfg = Debug|Any CPU
		{3FB24674-3120-4BC0-AF46-D2669F204638}.Debug|Any CPU.Build.0 = Debug|Any CPU
		{3FB24674-3120-4BC0-AF46-D2669F204638}.Release|Any CPU.ActiveCfg = Release|Any CPU
		{3FB24674-3120-4BC0-AF46-D2669F204638}.Release|Any CPU.Build.0 = Release|Any CPU
		{CA0E6D35-31AC-4399-98AC-204BEAF0B2BC}.Debug|Any CPU.ActiveCfg = Debug|Any CPU
		{CA0E6D35-31AC-4399-98AC-204BEAF0B2BC}.Debug|Any CPU.Build.0 = Debug|Any CPU
		{CA0E6D35-31AC-4399-98AC-204BEAF0B2BC}.Release|Any CPU.ActiveCfg = Release|Any CPU
		{CA0E6D35-31AC-4399-98AC-204BEAF0B2BC}.Release|Any CPU.Build.0 = Release|Any CPU
		{20011DE7-BE82-4C4D-88BC-B8F393C15E8B}.Debug|Any CPU.ActiveCfg = Debug|Any CPU
		{20011DE7-BE82-4C4D-88BC-B8F393C15E8B}.Debug|Any CPU.Build.0 = Debug|Any CPU
		{20011DE7-BE82-4C4D-88BC-B8F393C15E8B}.Release|Any CPU.ActiveCfg = Release|Any CPU
		{20011DE7-BE82-4C4D-88BC-B8F393C15E8B}.Release|Any CPU.Build.0 = Release|Any CPU
	EndGlobalSection
EndGlobal
